{
	"name": "awais",
	"version": "2.1.0",
	"lockfileVersion": 1,
	"requires": true,
	"dependencies": {
		"@types/color-name": {
			"version": "1.1.1",
			"resolved": "https://registry.npmjs.org/@types/color-name/-/color-name-1.1.1.tgz",
			"integrity": "sha512-rr+OQyAjxze7GgWrSaJwydHStIhHq2lvY3BOC2Mj7KnzI7XK0Uw1TOOdI9lDoajEbSWLiYgoo4f1R51erQfhPQ=="
		},
		"ansi-styles": {
			"version": "4.2.1",
			"resolved": "https://registry.npmjs.org/ansi-styles/-/ansi-styles-4.2.1.tgz",
			"integrity": "sha512-9VGjrMsG1vePxcSweQsN20KY/c4zN0h9fLjqAbwbPfahM3t+NL+M9HC8xeXG2I8pX5NoamTGNuomEUFI7fcUjA==",
			"requires": {
				"@types/color-name": "^1.1.1",
				"color-convert": "^2.0.1"
			}
		},
		"chalk": {
			"version": "4.1.0",
			"resolved": "https://registry.npmjs.org/chalk/-/chalk-4.1.0.tgz",
			"integrity": "sha512-qwx12AxXe2Q5xQ43Ac//I6v5aXTipYrSESdOgzrN+9XjgEpyjpKuvSGaN4qE93f7TQTlerQQ8S+EQ0EyDoVL1A==",
			"requires": {
				"ansi-styles": "^4.1.0",
				"supports-color": "^7.1.0"
			}
		},
		"clear-any-console": {
			"version": "1.16.0",
			"resolved": "https://registry.npmjs.org/clear-any-console/-/clear-any-console-1.16.0.tgz",
			"integrity": "sha512-WdJp9I/gQpUARfIfR2qI0I13W2i+vI3zPm1gUS0VIggndFu4j6Mm+sTdQxwbGYM9l21j9yXY4Rnl7jxWxYP39A=="
		},
		"cli-welcome": {
			"version": "2.2.0",
			"resolved": "https://registry.npmjs.org/cli-welcome/-/cli-welcome-2.2.0.tgz",
			"integrity": "sha512-aDbNDZhjoQwWioijpWkrwMX579LrDBlIyNqy6ET2eCr573iArYIfGnosqjOoH4bUpCGia2jtWt1dc3Aj2uxq9w==",
			"requires": {
				"chalk": "^2.4.2",
				"clear-any-console": "^1.16.0",
				"prettier": "^2.0.5"
			},
			"dependencies": {
				"ansi-styles": {
					"version": "3.2.1",
					"resolved": "https://registry.npmjs.org/ansi-styles/-/ansi-styles-3.2.1.tgz",
					"integrity": "sha512-VT0ZI6kZRdTh8YyJw3SMbYm/u+NqfsAxEpWO0Pf9sq8/e94WxxOpPKx9FR1FlyCtOVDNOQ+8ntlqFxiRc+r5qA==",
					"requires": {
						"color-convert": "^1.9.0"
					}
				},
				"chalk": {
					"version": "2.4.2",
					"resolved": "https://registry.npmjs.org/chalk/-/chalk-2.4.2.tgz",
					"integrity": "sha512-Mti+f9lpJNcwF4tWV8/OrTTtF1gZi+f8FqlyAdouralcFWFQWF2+NgCHShjkCb+IFBLq9buZwE1xckQU4peSuQ==",
					"requires": {
						"ansi-styles": "^3.2.1",
						"escape-string-regexp": "^1.0.5",
						"supports-color": "^5.3.0"
					}
				},
				"color-convert": {
					"version": "1.9.3",
					"resolved": "https://registry.npmjs.org/color-convert/-/color-convert-1.9.3.tgz",
					"integrity": "sha512-QfAUtd+vFdAtFQcC8CCyYt1fYWxSqAiK2cSD6zDB8N3cpsEBAvRxp9zOGg6G/SHHJYAT88/az/IuDGALsNVbGg==",
					"requires": {
						"color-name": "1.1.3"
					}
				},
				"color-name": {
					"version": "1.1.3",
					"resolved": "https://registry.npmjs.org/color-name/-/color-name-1.1.3.tgz",
					"integrity": "sha1-p9BVi9icQveV3UIyj3QIMcpTvCU="
				},
				"has-flag": {
					"version": "3.0.0",
					"resolved": "https://registry.npmjs.org/has-flag/-/has-flag-3.0.0.tgz",
					"integrity": "sha1-tdRU3CGZriJWmfNGfloH87lVuv0="
				},
				"supports-color": {
					"version": "5.5.0",
					"resolved": "https://registry.npmjs.org/supports-color/-/supports-color-5.5.0.tgz",
					"integrity": "sha512-QjVjwdXIt408MIiAqCX4oUKsgU2EqAGzs2Ppkm4aQYbjm+ZEWEcW4SfFNTr4uMNZma0ey4f5lgLrkB0aX0QMow==",
					"requires": {
						"has-flag": "^3.0.0"
					}
				}
			}
		},
		"color-convert": {
			"version": "2.0.1",
			"resolved": "https://registry.npmjs.org/color-convert/-/color-convert-2.0.1.tgz",
			"integrity": "sha512-RRECPsj7iu/xb5oKYcsFHSppFNnsj/52OVTRKb4zP5onXwVF3zVmmToNcOfGC+CRDpfK/U584fMg38ZHCaElKQ==",
			"requires": {
				"color-name": "~1.1.4"
			}
		},
		"color-name": {
			"version": "1.1.4",
			"resolved": "https://registry.npmjs.org/color-name/-/color-name-1.1.4.tgz",
			"integrity": "sha512-dOy+3AuW3a2wNbZHIuMZpTcgjGuLU/uBL/ubcZF9OXbDo8ff4O8yVp5Bf0efS8uEoYo5q4Fx7dY9OgQGXgAsQA=="
		},
		"escape-string-regexp": {
			"version": "1.0.5",
			"resolved": "https://registry.npmjs.org/escape-string-regexp/-/escape-string-regexp-1.0.5.tgz",
			"integrity": "sha1-G2HAViGQqN/2rjuyzwIAyhMLhtQ="
		},
		"has-flag": {
			"version": "4.0.0",
			"resolved": "https://registry.npmjs.org/has-flag/-/has-flag-4.0.0.tgz",
			"integrity": "sha512-EykJT/Q1KjTWctppgIAgfSO0tKVuZUjhgMr17kqTumMl6Afv3EISleU7qZUzoXDFTAHTDC4NOoG/ZxU3EvlMPQ=="
		},
		"log-symbols": {
			"version": "4.0.0",
			"resolved": "https://registry.npmjs.org/log-symbols/-/log-symbols-4.0.0.tgz",
			"integrity": "sha512-FN8JBzLx6CzeMrB0tg6pqlGU1wCrXW+ZXGH481kfsBqer0hToTIiHdjH4Mq8xJUbvATujKCvaREGWpGUionraA==",
			"requires": {
				"chalk": "^4.0.0"
			}
		},
		"prettier": {
			"version": "2.0.5",
			"resolved": "https://registry.npmjs.org/prettier/-/prettier-2.0.5.tgz",
			"integrity": "sha512-7PtVymN48hGcO4fGjybyBSIWDsLU4H4XlvOHfq91pz9kkGlonzwTfYkaIEwiRg/dAJF9YlbsduBAgtYLi+8cFg=="
		},
		"supports-color": {
			"version": "7.1.0",
			"resolved": "https://registry.npmjs.org/supports-color/-/supports-color-7.1.0.tgz",
			"integrity": "sha512-oRSIpR8pxT1Wr2FquTNnGet79b3BWljqOuoW/h4oBhxJ/HUbX5nX6JSruTkvXDCFMwDPvsaTTbvMLKZWSy0R5g==",
			"requires": {
				"has-flag": "^4.0.0"
			}
		}
	}
}
